
Microsoft Visual Studio Solution File, Format Version 12.00
# Visual Studio Version 17
VisualStudioVersion = 17.1.32228.430
MinimumVisualStudioVersion = 10.0.40219.1
Project("{FAE04EC0-301F-11D3-BF4B-00C04F79EFBC}") = "WebApplication1", "WebApplication1\WebApplication1.csproj", "{6864EDF9-7BDE-4A3F-B34A-7E9FAD4DE8FF}"
EndProject
Project("{2150E333-8FDC-42A3-9474-1A3956D46DE8}") = "NewFolder1", "NewFolder1", "{90AB117E-019C-4904-B2FD-421085A5DBE7}"
EndProject
Global
	GlobalSection(SolutionConfigurationPlatforms) = preSolution
		Debug|Any CPU = Debug|Any CPU
		Release|Any CPU = Release|Any CPU
	EndGlobalSection
	GlobalSection(ProjectConfigurationPlatforms) = postSolution
		{6864EDF9-7BDE-4A3F-B34A-7E9FAD4DE8FF}.Debug|Any CPU.ActiveCfg = Debug|Any CPU
		{6864EDF9-7BDE-4A3F-B34A-7E9FAD4DE8FF}.Debug|Any CPU.Build.0 = Debug|Any CPU
		{6864EDF9-7BDE-4A3F-B34A-7E9FAD4DE8FF}.Release|Any CPU.ActiveCfg = Release|Any CPU
		{6864EDF9-7BDE-4A3F-B34A-7E9FAD4DE8FF}.Release|Any CPU.Build.0 = Release|Any CPU
	EndGlobalSection
	GlobalSection(SolutionProperties) = preSolution
		HideSolutionNode = FALSE
	EndGlobalSection
	GlobalSection(ExtensibilityGlobals) = postSolution
		SolutionGuid = {1C807819-ADF4-403B-9ED9-7CBE63681FF0}
	EndGlobalSection
EndGlobal
